// !$*UTF8*$!
{
	archiveVersion = 1;
	classes = {
	};
	objectVersion = 51;
	objects = {

/* Begin PBXBuildFile section */
		1D16114A11B6E4B66D642191 /* Pods_Twiter.framework in Frameworks */ = {isa = PBXBuildFile; fileRef = 21BD67C470447786594DC906 /* Pods_Twiter.framework */; };
		9150B655C58348B3443D2D06 /* Pods_TwiterTests.framework in Frameworks */ = {isa = PBXBuildFile; fileRef = 9E83D0973D4CE60FBC41B554 /* Pods_TwiterTests.framework */; };
		AA8C01BA608CCAA8F014C8D1 /* Pods_Twiter_TwiterUITests.framework in Frameworks */ = {isa = PBXBuildFile; fileRef = F03FF30AA5F5FB15C6B48A48 /* Pods_Twiter_TwiterUITests.framework */; };
		C35C9C4E25D56CDD00B6CFA0 /* Constant.swift in Sources */ = {isa = PBXBuildFile; fileRef = C35C9C4D25D56CDD00B6CFA0 /* Constant.swift */; };
		C35C9C5325D585A000B6CFA0 /* AuthService.swift in Sources */ = {isa = PBXBuildFile; fileRef = C35C9C5225D585A000B6CFA0 /* AuthService.swift */; };
		C3700DC125CC2A13001A1118 /* AppDelegate.swift in Sources */ = {isa = PBXBuildFile; fileRef = C3700DC025CC2A13001A1118 /* AppDelegate.swift */; };
		C3700DC325CC2A13001A1118 /* SceneDelegate.swift in Sources */ = {isa = PBXBuildFile; fileRef = C3700DC225CC2A13001A1118 /* SceneDelegate.swift */; };
		C3700DCB25CC2A13001A1118 /* Twiter.xcdatamodeld in Sources */ = {isa = PBXBuildFile; fileRef = C3700DC925CC2A13001A1118 /* Twiter.xcdatamodeld */; };
		C3700DCD25CC2A14001A1118 /* Assets.xcassets in Resources */ = {isa = PBXBuildFile; fileRef = C3700DCC25CC2A14001A1118 /* Assets.xcassets */; };
		C3700DD025CC2A14001A1118 /* LaunchScreen.storyboard in Resources */ = {isa = PBXBuildFile; fileRef = C3700DCE25CC2A14001A1118 /* LaunchScreen.storyboard */; };
		C3700DDB25CC2A14001A1118 /* TwiterTests.swift in Sources */ = {isa = PBXBuildFile; fileRef = C3700DDA25CC2A14001A1118 /* TwiterTests.swift */; };
		C3700DE625CC2A14001A1118 /* TwiterUITests.swift in Sources */ = {isa = PBXBuildFile; fileRef = C3700DE525CC2A14001A1118 /* TwiterUITests.swift */; };
		C3700E0625CC2D88001A1118 /* MainTabController.swift in Sources */ = {isa = PBXBuildFile; fileRef = C3700E0525CC2D88001A1118 /* MainTabController.swift */; };
		C3700E0B25CC2F93001A1118 /* FeedController.swift in Sources */ = {isa = PBXBuildFile; fileRef = C3700E0A25CC2F93001A1118 /* FeedController.swift */; };
		C3700E1025CC2FBF001A1118 /* NotificationController.swift in Sources */ = {isa = PBXBuildFile; fileRef = C3700E0F25CC2FBF001A1118 /* NotificationController.swift */; };
		C3700E1525CC300E001A1118 /* ExploreController.swift in Sources */ = {isa = PBXBuildFile; fileRef = C3700E1425CC300E001A1118 /* ExploreController.swift */; };
		C3700E1A25CC303C001A1118 /* ConversationController.swift in Sources */ = {isa = PBXBuildFile; fileRef = C3700E1925CC303C001A1118 /* ConversationController.swift */; };
		C3A0BCDA25D182B900B75BFF /* GoogleService-Info.plist in Resources */ = {isa = PBXBuildFile; fileRef = C3A0BCD925D182B900B75BFF /* GoogleService-Info.plist */; };
		C3C3275125D6C0C3002DCCBB /* UserService.swift in Sources */ = {isa = PBXBuildFile; fileRef = C3C3275025D6C0C3002DCCBB /* UserService.swift */; };
		C3C3275625D6C52B002DCCBB /* User.swift in Sources */ = {isa = PBXBuildFile; fileRef = C3C3275525D6C52B002DCCBB /* User.swift */; };
		C3CAD59925CC3FA000578C5F /* Extensions.swift in Sources */ = {isa = PBXBuildFile; fileRef = C3CAD59825CC3FA000578C5F /* Extensions.swift */; };
		C3CAD59F25CC678A00578C5F /* LoginViewController.swift in Sources */ = {isa = PBXBuildFile; fileRef = C3CAD59E25CC678A00578C5F /* LoginViewController.swift */; };
		C3CAD5A725CC67AF00578C5F /* RegistreController.swift in Sources */ = {isa = PBXBuildFile; fileRef = C3CAD5A625CC67AF00578C5F /* RegistreController.swift */; };
		C3CAD5B525CC722600578C5F /* Utilities.swift in Sources */ = {isa = PBXBuildFile; fileRef = C3CAD5B425CC722600578C5F /* Utilities.swift */; };
/* End PBXBuildFile section */

/* Begin PBXContainerItemProxy section */
		C3700DD725CC2A14001A1118 /* PBXContainerItemProxy */ = {
			isa = PBXContainerItemProxy;
			containerPortal = C3700DB525CC2A13001A1118 /* Project object */;
			proxyType = 1;
			remoteGlobalIDString = C3700DBC25CC2A13001A1118;
			remoteInfo = Twiter;
		};
		C3700DE225CC2A14001A1118 /* PBXContainerItemProxy */ = {
			isa = PBXContainerItemProxy;
			containerPortal = C3700DB525CC2A13001A1118 /* Project object */;
			proxyType = 1;
			remoteGlobalIDString = C3700DBC25CC2A13001A1118;
			remoteInfo = Twiter;
		};
/* End PBXContainerItemProxy section */

/* Begin PBXFileReference section */
		21BD67C470447786594DC906 /* Pods_Twiter.framework */ = {isa = PBXFileReference; explicitFileType = wrapper.framework; includeInIndex = 0; path = Pods_Twiter.framework; sourceTree = BUILT_PRODUCTS_DIR; };
		3FD1C424E1FCF6BA83C6993A /* Pods-Twiter-TwiterUITests.release.xcconfig */ = {isa = PBXFileReference; includeInIndex = 1; lastKnownFileType = text.xcconfig; name = "Pods-Twiter-TwiterUITests.release.xcconfig"; path = "Target Support Files/Pods-Twiter-TwiterUITests/Pods-Twiter-TwiterUITests.release.xcconfig"; sourceTree = "<group>"; };
		560395498072953F210D62F1 /* Pods-TwiterTests.debug.xcconfig */ = {isa = PBXFileReference; includeInIndex = 1; lastKnownFileType = text.xcconfig; name = "Pods-TwiterTests.debug.xcconfig"; path = "Target Support Files/Pods-TwiterTests/Pods-TwiterTests.debug.xcconfig"; sourceTree = "<group>"; };
		95F7536C8FDC8DDE9332C3B6 /* Pods-TwiterTests.release.xcconfig */ = {isa = PBXFileReference; includeInIndex = 1; lastKnownFileType = text.xcconfig; name = "Pods-TwiterTests.release.xcconfig"; path = "Target Support Files/Pods-TwiterTests/Pods-TwiterTests.release.xcconfig"; sourceTree = "<group>"; };
		9E83D0973D4CE60FBC41B554 /* Pods_TwiterTests.framework */ = {isa = PBXFileReference; explicitFileType = wrapper.framework; includeInIndex = 0; path = Pods_TwiterTests.framework; sourceTree = BUILT_PRODUCTS_DIR; };
		C35C9C4D25D56CDD00B6CFA0 /* Constant.swift */ = {isa = PBXFileReference; lastKnownFileType = sourcecode.swift; path = Constant.swift; sourceTree = "<group>"; };
		C35C9C5225D585A000B6CFA0 /* AuthService.swift */ = {isa = PBXFileReference; lastKnownFileType = sourcecode.swift; path = AuthService.swift; sourceTree = "<group>"; };
		C3700DBD25CC2A13001A1118 /* Twiter.app */ = {isa = PBXFileReference; explicitFileType = wrapper.application; includeInIndex = 0; path = Twiter.app; sourceTree = BUILT_PRODUCTS_DIR; };
		C3700DC025CC2A13001A1118 /* AppDelegate.swift */ = {isa = PBXFileReference; lastKnownFileType = sourcecode.swift; path = AppDelegate.swift; sourceTree = "<group>"; };
		C3700DC225CC2A13001A1118 /* SceneDelegate.swift */ = {isa = PBXFileReference; lastKnownFileType = sourcecode.swift; path = SceneDelegate.swift; sourceTree = "<group>"; };
		C3700DCA25CC2A13001A1118 /* Twiter.xcdatamodel */ = {isa = PBXFileReference; lastKnownFileType = wrapper.xcdatamodel; path = Twiter.xcdatamodel; sourceTree = "<group>"; };
		C3700DCC25CC2A14001A1118 /* Assets.xcassets */ = {isa = PBXFileReference; lastKnownFileType = folder.assetcatalog; path = Assets.xcassets; sourceTree = "<group>"; };
		C3700DCF25CC2A14001A1118 /* Base */ = {isa = PBXFileReference; lastKnownFileType = file.storyboard; name = Base; path = Base.lproj/LaunchScreen.storyboard; sourceTree = "<group>"; };
		C3700DD125CC2A14001A1118 /* Info.plist */ = {isa = PBXFileReference; lastKnownFileType = text.plist.xml; path = Info.plist; sourceTree = "<group>"; };
		C3700DD625CC2A14001A1118 /* TwiterTests.xctest */ = {isa = PBXFileReference; explicitFileType = wrapper.cfbundle; includeInIndex = 0; path = TwiterTests.xctest; sourceTree = BUILT_PRODUCTS_DIR; };
		C3700DDA25CC2A14001A1118 /* TwiterTests.swift */ = {isa = PBXFileReference; lastKnownFileType = sourcecode.swift; path = TwiterTests.swift; sourceTree = "<group>"; };
		C3700DDC25CC2A14001A1118 /* Info.plist */ = {isa = PBXFileReference; lastKnownFileType = text.plist.xml; path = Info.plist; sourceTree = "<group>"; };
		C3700DE125CC2A14001A1118 /* TwiterUITests.xctest */ = {isa = PBXFileReference; explicitFileType = wrapper.cfbundle; includeInIndex = 0; path = TwiterUITests.xctest; sourceTree = BUILT_PRODUCTS_DIR; };
		C3700DE525CC2A14001A1118 /* TwiterUITests.swift */ = {isa = PBXFileReference; lastKnownFileType = sourcecode.swift; path = TwiterUITests.swift; sourceTree = "<group>"; };
		C3700DE725CC2A14001A1118 /* Info.plist */ = {isa = PBXFileReference; lastKnownFileType = text.plist.xml; path = Info.plist; sourceTree = "<group>"; };
		C3700E0525CC2D88001A1118 /* MainTabController.swift */ = {isa = PBXFileReference; lastKnownFileType = sourcecode.swift; path = MainTabController.swift; sourceTree = "<group>"; };
		C3700E0A25CC2F93001A1118 /* FeedController.swift */ = {isa = PBXFileReference; lastKnownFileType = sourcecode.swift; path = FeedController.swift; sourceTree = "<group>"; };
		C3700E0F25CC2FBF001A1118 /* NotificationController.swift */ = {isa = PBXFileReference; lastKnownFileType = sourcecode.swift; path = NotificationController.swift; sourceTree = "<group>"; };
		C3700E1425CC300E001A1118 /* ExploreController.swift */ = {isa = PBXFileReference; lastKnownFileType = sourcecode.swift; path = ExploreController.swift; sourceTree = "<group>"; };
		C3700E1925CC303C001A1118 /* ConversationController.swift */ = {isa = PBXFileReference; lastKnownFileType = sourcecode.swift; path = ConversationController.swift; sourceTree = "<group>"; };
		C3A0BCD925D182B900B75BFF /* GoogleService-Info.plist */ = {isa = PBXFileReference; fileEncoding = 4; lastKnownFileType = text.plist.xml; path = "GoogleService-Info.plist"; sourceTree = "<group>"; };
		C3C3275025D6C0C3002DCCBB /* UserService.swift */ = {isa = PBXFileReference; lastKnownFileType = sourcecode.swift; path = UserService.swift; sourceTree = "<group>"; };
		C3C3275525D6C52B002DCCBB /* User.swift */ = {isa = PBXFileReference; lastKnownFileType = sourcecode.swift; path = User.swift; sourceTree = "<group>"; };
		C3CAD59825CC3FA000578C5F /* Extensions.swift */ = {isa = PBXFileReference; lastKnownFileType = sourcecode.swift; path = Extensions.swift; sourceTree = "<group>"; };
		C3CAD59E25CC678A00578C5F /* LoginViewController.swift */ = {isa = PBXFileReference; lastKnownFileType = sourcecode.swift; path = LoginViewController.swift; sourceTree = "<group>"; };
		C3CAD5A625CC67AF00578C5F /* RegistreController.swift */ = {isa = PBXFileReference; lastKnownFileType = sourcecode.swift; path = RegistreController.swift; sourceTree = "<group>"; };
		C3CAD5B425CC722600578C5F /* Utilities.swift */ = {isa = PBXFileReference; lastKnownFileType = sourcecode.swift; path = Utilities.swift; sourceTree = "<group>"; };
		D1C10072CC5B0F168BE4614B /* Pods-Twiter.release.xcconfig */ = {isa = PBXFileReference; includeInIndex = 1; lastKnownFileType = text.xcconfig; name = "Pods-Twiter.release.xcconfig"; path = "Target Support Files/Pods-Twiter/Pods-Twiter.release.xcconfig"; sourceTree = "<group>"; };
		EAE33323110DD889EE23A0BC /* Pods-Twiter-TwiterUITests.debug.xcconfig */ = {isa = PBXFileReference; includeInIndex = 1; lastKnownFileType = text.xcconfig; name = "Pods-Twiter-TwiterUITests.debug.xcconfig"; path = "Target Support Files/Pods-Twiter-TwiterUITests/Pods-Twiter-TwiterUITests.debug.xcconfig"; sourceTree = "<group>"; };
		F03FF30AA5F5FB15C6B48A48 /* Pods_Twiter_TwiterUITests.framework */ = {isa = PBXFileReference; explicitFileType = wrapper.framework; includeInIndex = 0; path = Pods_Twiter_TwiterUITests.framework; sourceTree = BUILT_PRODUCTS_DIR; };
		F9B108B036D14D4B3DEA900E /* Pods-Twiter.debug.xcconfig */ = {isa = PBXFileReference; includeInIndex = 1; lastKnownFileType = text.xcconfig; name = "Pods-Twiter.debug.xcconfig"; path = "Target Support Files/Pods-Twiter/Pods-Twiter.debug.xcconfig"; sourceTree = "<group>"; };
/* End PBXFileReference section */

/* Begin PBXFrameworksBuildPhase section */
		C3700DBA25CC2A13001A1118 /* Frameworks */ = {
			isa = PBXFrameworksBuildPhase;
			buildActionMask = 2147483647;
			files = (
				1D16114A11B6E4B66D642191 /* Pods_Twiter.framework in Frameworks */,
			);
			runOnlyForDeploymentPostprocessing = 0;
		};
		C3700DD325CC2A14001A1118 /* Frameworks */ = {
			isa = PBXFrameworksBuildPhase;
			buildActionMask = 2147483647;
			files = (
				9150B655C58348B3443D2D06 /* Pods_TwiterTests.framework in Frameworks */,
			);
			runOnlyForDeploymentPostprocessing = 0;
		};
		C3700DDE25CC2A14001A1118 /* Frameworks */ = {
			isa = PBXFrameworksBuildPhase;
			buildActionMask = 2147483647;
			files = (
				AA8C01BA608CCAA8F014C8D1 /* Pods_Twiter_TwiterUITests.framework in Frameworks */,
			);
			runOnlyForDeploymentPostprocessing = 0;
		};
/* End PBXFrameworksBuildPhase section */

/* Begin PBXGroup section */
		A1FCDE56E38F18FDE7CAEA31 /* Pods */ = {
			isa = PBXGroup;
			children = (
				F9B108B036D14D4B3DEA900E /* Pods-Twiter.debug.xcconfig */,
				D1C10072CC5B0F168BE4614B /* Pods-Twiter.release.xcconfig */,
				EAE33323110DD889EE23A0BC /* Pods-Twiter-TwiterUITests.debug.xcconfig */,
				3FD1C424E1FCF6BA83C6993A /* Pods-Twiter-TwiterUITests.release.xcconfig */,
				560395498072953F210D62F1 /* Pods-TwiterTests.debug.xcconfig */,
				95F7536C8FDC8DDE9332C3B6 /* Pods-TwiterTests.release.xcconfig */,
			);
			path = Pods;
			sourceTree = "<group>";
		};
		C2C1085A298851DA8D54C3CE /* Frameworks */ = {
			isa = PBXGroup;
			children = (
				21BD67C470447786594DC906 /* Pods_Twiter.framework */,
				F03FF30AA5F5FB15C6B48A48 /* Pods_Twiter_TwiterUITests.framework */,
				9E83D0973D4CE60FBC41B554 /* Pods_TwiterTests.framework */,
			);
			name = Frameworks;
			sourceTree = "<group>";
		};
		C3700DB425CC2A13001A1118 = {
			isa = PBXGroup;
			children = (
				C3700DBF25CC2A13001A1118 /* Twiter */,
				C3700DD925CC2A14001A1118 /* TwiterTests */,
				C3700DE425CC2A14001A1118 /* TwiterUITests */,
				C3700DBE25CC2A13001A1118 /* Products */,
				A1FCDE56E38F18FDE7CAEA31 /* Pods */,
				C2C1085A298851DA8D54C3CE /* Frameworks */,
			);
			sourceTree = "<group>";
		};
		C3700DBE25CC2A13001A1118 /* Products */ = {
			isa = PBXGroup;
			children = (
				C3700DBD25CC2A13001A1118 /* Twiter.app */,
				C3700DD625CC2A14001A1118 /* TwiterTests.xctest */,
				C3700DE125CC2A14001A1118 /* TwiterUITests.xctest */,
			);
			name = Products;
			sourceTree = "<group>";
		};
		C3700DBF25CC2A13001A1118 /* Twiter */ = {
			isa = PBXGroup;
			children = (
				C3A0BCD925D182B900B75BFF /* GoogleService-Info.plist */,
				C3700E2225CC3DC0001A1118 /* AppDelegate */,
				C3700E1E25CC31E2001A1118 /* Ressources */,
				C3700DFB25CC2CD2001A1118 /* Utils */,
				C3700DFA25CC2CC9001A1118 /* API */,
				C3700DF925CC2C93001A1118 /* Controller */,
				C3700DF825CC2C90001A1118 /* View */,
				C3700DF725CC2C8E001A1118 /* ViewModel */,
				C3700DF625CC2C7C001A1118 /* Model */,
				C3700DCE25CC2A14001A1118 /* LaunchScreen.storyboard */,
				C3700DD125CC2A14001A1118 /* Info.plist */,
				C3700DC925CC2A13001A1118 /* Twiter.xcdatamodeld */,
			);
			path = Twiter;
			sourceTree = "<group>";
		};
		C3700DD925CC2A14001A1118 /* TwiterTests */ = {
			isa = PBXGroup;
			children = (
				C3700DDA25CC2A14001A1118 /* TwiterTests.swift */,
				C3700DDC25CC2A14001A1118 /* Info.plist */,
			);
			path = TwiterTests;
			sourceTree = "<group>";
		};
		C3700DE425CC2A14001A1118 /* TwiterUITests */ = {
			isa = PBXGroup;
			children = (
				C3700DE525CC2A14001A1118 /* TwiterUITests.swift */,
				C3700DE725CC2A14001A1118 /* Info.plist */,
			);
			path = TwiterUITests;
			sourceTree = "<group>";
		};
		C3700DF625CC2C7C001A1118 /* Model */ = {
			isa = PBXGroup;
			children = (
				C3C3275525D6C52B002DCCBB /* User.swift */,
			);
			path = Model;
			sourceTree = "<group>";
		};
		C3700DF725CC2C8E001A1118 /* ViewModel */ = {
			isa = PBXGroup;
			children = (
			);
			path = ViewModel;
			sourceTree = "<group>";
		};
		C3700DF825CC2C90001A1118 /* View */ = {
			isa = PBXGroup;
			children = (
			);
			path = View;
			sourceTree = "<group>";
		};
		C3700DF925CC2C93001A1118 /* Controller */ = {
			isa = PBXGroup;
			children = (
				C3CAD59D25CC675F00578C5F /* Authentification */,
				C3700E0525CC2D88001A1118 /* MainTabController.swift */,
				C3700E0A25CC2F93001A1118 /* FeedController.swift */,
				C3700E0F25CC2FBF001A1118 /* NotificationController.swift */,
				C3700E1425CC300E001A1118 /* ExploreController.swift */,
				C3700E1925CC303C001A1118 /* ConversationController.swift */,
			);
			path = Controller;
			sourceTree = "<group>";
		};
		C3700DFA25CC2CC9001A1118 /* API */ = {
			isa = PBXGroup;
			children = (
				C35C9C5225D585A000B6CFA0 /* AuthService.swift */,
				C3C3275025D6C0C3002DCCBB /* UserService.swift */,
			);
			path = API;
			sourceTree = "<group>";
		};
		C3700DFB25CC2CD2001A1118 /* Utils */ = {
			isa = PBXGroup;
			children = (
				C3CAD59825CC3FA000578C5F /* Extensions.swift */,
				C3CAD5B425CC722600578C5F /* Utilities.swift */,
				C35C9C4D25D56CDD00B6CFA0 /* Constant.swift */,
			);
			path = Utils;
			sourceTree = "<group>";
		};
		C3700E1E25CC31E2001A1118 /* Ressources */ = {
			isa = PBXGroup;
			children = (
				C3700DCC25CC2A14001A1118 /* Assets.xcassets */,
			);
			path = Ressources;
			sourceTree = "<group>";
		};
		C3700E2225CC3DC0001A1118 /* AppDelegate */ = {
			isa = PBXGroup;
			children = (
				C3700DC025CC2A13001A1118 /* AppDelegate.swift */,
				C3700DC225CC2A13001A1118 /* SceneDelegate.swift */,
			);
			path = AppDelegate;
			sourceTree = "<group>";
		};
		C3CAD59D25CC675F00578C5F /* Authentification */ = {
			isa = PBXGroup;
			children = (
				C3CAD59E25CC678A00578C5F /* LoginViewController.swift */,
				C3CAD5A625CC67AF00578C5F /* RegistreController.swift */,
			);
			path = Authentification;
			sourceTree = "<group>";
		};
/* End PBXGroup section */

/* Begin PBXNativeTarget section */
		C3700DBC25CC2A13001A1118 /* Twiter */ = {
			isa = PBXNativeTarget;
			buildConfigurationList = C3700DEA25CC2A14001A1118 /* Build configuration list for PBXNativeTarget "Twiter" */;
			buildPhases = (
				4AABDDE62B7580663A259091 /* [CP] Check Pods Manifest.lock */,
				C3700DB925CC2A13001A1118 /* Sources */,
				C3700DBA25CC2A13001A1118 /* Frameworks */,
				C3700DBB25CC2A13001A1118 /* Resources */,
				0B2EC5DA339826DD71599910 /* [CP] Embed Pods Frameworks */,
			);
			buildRules = (
			);
			dependencies = (
			);
			name = Twiter;
			productName = Twiter;
			productReference = C3700DBD25CC2A13001A1118 /* Twiter.app */;
			productType = "com.apple.product-type.application";
		};
		C3700DD525CC2A14001A1118 /* TwiterTests */ = {
			isa = PBXNativeTarget;
			buildConfigurationList = C3700DED25CC2A14001A1118 /* Build configuration list for PBXNativeTarget "TwiterTests" */;
			buildPhases = (
				CD95199E16BEF6C093824DAE /* [CP] Check Pods Manifest.lock */,
				C3700DD225CC2A14001A1118 /* Sources */,
				C3700DD325CC2A14001A1118 /* Frameworks */,
				C3700DD425CC2A14001A1118 /* Resources */,
			);
			buildRules = (
			);
			dependencies = (
				C3700DD825CC2A14001A1118 /* PBXTargetDependency */,
			);
			name = TwiterTests;
			productName = TwiterTests;
			productReference = C3700DD625CC2A14001A1118 /* TwiterTests.xctest */;
			productType = "com.apple.product-type.bundle.unit-test";
		};
		C3700DE025CC2A14001A1118 /* TwiterUITests */ = {
			isa = PBXNativeTarget;
			buildConfigurationList = C3700DF025CC2A14001A1118 /* Build configuration list for PBXNativeTarget "TwiterUITests" */;
			buildPhases = (
				49A9F31DFB3A1AE5D65EC0B5 /* [CP] Check Pods Manifest.lock */,
				C3700DDD25CC2A14001A1118 /* Sources */,
				C3700DDE25CC2A14001A1118 /* Frameworks */,
				C3700DDF25CC2A14001A1118 /* Resources */,
				3F09C6DA0F8A1C6E90622D99 /* [CP] Embed Pods Frameworks */,
			);
			buildRules = (
			);
			dependencies = (
				C3700DE325CC2A14001A1118 /* PBXTargetDependency */,
			);
			name = TwiterUITests;
			productName = TwiterUITests;
			productReference = C3700DE125CC2A14001A1118 /* TwiterUITests.xctest */;
			productType = "com.apple.product-type.bundle.ui-testing";
		};
/* End PBXNativeTarget section */

/* Begin PBXProject section */
		C3700DB525CC2A13001A1118 /* Project object */ = {
			isa = PBXProject;
			attributes = {
				LastSwiftUpdateCheck = 1220;
				LastUpgradeCheck = 1220;
				TargetAttributes = {
					C3700DBC25CC2A13001A1118 = {
						CreatedOnToolsVersion = 12.2;
					};
					C3700DD525CC2A14001A1118 = {
						CreatedOnToolsVersion = 12.2;
						TestTargetID = C3700DBC25CC2A13001A1118;
					};
					C3700DE025CC2A14001A1118 = {
						CreatedOnToolsVersion = 12.2;
						TestTargetID = C3700DBC25CC2A13001A1118;
					};
				};
			};
			buildConfigurationList = C3700DB825CC2A13001A1118 /* Build configuration list for PBXProject "Twiter" */;
			compatibilityVersion = "Xcode 9.3";
			developmentRegion = en;
			hasScannedForEncodings = 0;
			knownRegions = (
				en,
				Base,
			);
			mainGroup = C3700DB425CC2A13001A1118;
			productRefGroup = C3700DBE25CC2A13001A1118 /* Products */;
			projectDirPath = "";
			projectRoot = "";
			targets = (
				C3700DBC25CC2A13001A1118 /* Twiter */,
				C3700DD525CC2A14001A1118 /* TwiterTests */,
				C3700DE025CC2A14001A1118 /* TwiterUITests */,
			);
		};
/* End PBXProject section */

/* Begin PBXResourcesBuildPhase section */
		C3700DBB25CC2A13001A1118 /* Resources */ = {
			isa = PBXResourcesBuildPhase;
			buildActionMask = 2147483647;
			files = (
				C3700DD025CC2A14001A1118 /* LaunchScreen.storyboard in Resources */,
				C3700DCD25CC2A14001A1118 /* Assets.xcassets in Resources */,
				C3A0BCDA25D182B900B75BFF /* GoogleService-Info.plist in Resources */,
			);
			runOnlyForDeploymentPostprocessing = 0;
		};
		C3700DD425CC2A14001A1118 /* Resources */ = {
			isa = PBXResourcesBuildPhase;
			buildActionMask = 2147483647;
			files = (
			);
			runOnlyForDeploymentPostprocessing = 0;
		};
		C3700DDF25CC2A14001A1118 /* Resources */ = {
			isa = PBXResourcesBuildPhase;
			buildActionMask = 2147483647;
			files = (
			);
			runOnlyForDeploymentPostprocessing = 0;
		};
/* End PBXResourcesBuildPhase section */

/* Begin PBXShellScriptBuildPhase section */
		0B2EC5DA339826DD71599910 /* [CP] Embed Pods Frameworks */ = {
			isa = PBXShellScriptBuildPhase;
			buildActionMask = 2147483647;
			files = (
			);
			inputFileListPaths = (
				"${PODS_ROOT}/Target Support Files/Pods-Twiter/Pods-Twiter-frameworks-${CONFIGURATION}-input-files.xcfilelist",
			);
			name = "[CP] Embed Pods Frameworks";
			outputFileListPaths = (
				"${PODS_ROOT}/Target Support Files/Pods-Twiter/Pods-Twiter-frameworks-${CONFIGURATION}-output-files.xcfilelist",
			);
			runOnlyForDeploymentPostprocessing = 0;
			shellPath = /bin/sh;
			shellScript = "\"${PODS_ROOT}/Target Support Files/Pods-Twiter/Pods-Twiter-frameworks.sh\"\n";
			showEnvVarsInLog = 0;
		};
		3F09C6DA0F8A1C6E90622D99 /* [CP] Embed Pods Frameworks */ = {
			isa = PBXShellScriptBuildPhase;
			buildActionMask = 2147483647;
			files = (
			);
			inputFileListPaths = (
				"${PODS_ROOT}/Target Support Files/Pods-Twiter-TwiterUITests/Pods-Twiter-TwiterUITests-frameworks-${CONFIGURATION}-input-files.xcfilelist",
			);
			name = "[CP] Embed Pods Frameworks";
			outputFileListPaths = (
				"${PODS_ROOT}/Target Support Files/Pods-Twiter-TwiterUITests/Pods-Twiter-TwiterUITests-frameworks-${CONFIGURATION}-output-files.xcfilelist",
			);
			runOnlyForDeploymentPostprocessing = 0;
			shellPath = /bin/sh;
			shellScript = "\"${PODS_ROOT}/Target Support Files/Pods-Twiter-TwiterUITests/Pods-Twiter-TwiterUITests-frameworks.sh\"\n";
			showEnvVarsInLog = 0;
		};
		49A9F31DFB3A1AE5D65EC0B5 /* [CP] Check Pods Manifest.lock */ = {
			isa = PBXShellScriptBuildPhase;
			buildActionMask = 2147483647;
			files = (
			);
			inputFileListPaths = (
			);
			inputPaths = (
				"${PODS_PODFILE_DIR_PATH}/Podfile.lock",
				"${PODS_ROOT}/Manifest.lock",
			);
			name = "[CP] Check Pods Manifest.lock";
			outputFileListPaths = (
			);
			outputPaths = (
				"$(DERIVED_FILE_DIR)/Pods-Twiter-TwiterUITests-checkManifestLockResult.txt",
			);
			runOnlyForDeploymentPostprocessing = 0;
			shellPath = /bin/sh;
			shellScript = "diff \"${PODS_PODFILE_DIR_PATH}/Podfile.lock\" \"${PODS_ROOT}/Manifest.lock\" > /dev/null\nif [ $? != 0 ] ; then\n    # print error to STDERR\n    echo \"error: The sandbox is not in sync with the Podfile.lock. Run 'pod install' or update your CocoaPods installation.\" >&2\n    exit 1\nfi\n# This output is used by Xcode 'outputs' to avoid re-running this script phase.\necho \"SUCCESS\" > \"${SCRIPT_OUTPUT_FILE_0}\"\n";
			showEnvVarsInLog = 0;
		};
		4AABDDE62B7580663A259091 /* [CP] Check Pods Manifest.lock */ = {
			isa = PBXShellScriptBuildPhase;
			buildActionMask = 2147483647;
			files = (
			);
			inputFileListPaths = (
			);
			inputPaths = (
				"${PODS_PODFILE_DIR_PATH}/Podfile.lock",
				"${PODS_ROOT}/Manifest.lock",
			);
			name = "[CP] Check Pods Manifest.lock";
			outputFileListPaths = (
			);
			outputPaths = (
				"$(DERIVED_FILE_DIR)/Pods-Twiter-checkManifestLockResult.txt",
			);
			runOnlyForDeploymentPostprocessing = 0;
			shellPath = /bin/sh;
			shellScript = "diff \"${PODS_PODFILE_DIR_PATH}/Podfile.lock\" \"${PODS_ROOT}/Manifest.lock\" > /dev/null\nif [ $? != 0 ] ; then\n    # print error to STDERR\n    echo \"error: The sandbox is not in sync with the Podfile.lock. Run 'pod install' or update your CocoaPods installation.\" >&2\n    exit 1\nfi\n# This output is used by Xcode 'outputs' to avoid re-running this script phase.\necho \"SUCCESS\" > \"${SCRIPT_OUTPUT_FILE_0}\"\n";
			showEnvVarsInLog = 0;
		};
		CD95199E16BEF6C093824DAE /* [CP] Check Pods Manifest.lock */ = {
			isa = PBXShellScriptBuildPhase;
			buildActionMask = 2147483647;
			files = (
			);
			inputFileListPaths = (
			);
			inputPaths = (
				"${PODS_PODFILE_DIR_PATH}/Podfile.lock",
				"${PODS_ROOT}/Manifest.lock",
			);
			name = "[CP] Check Pods Manifest.lock";
			outputFileListPaths = (
			);
			outputPaths = (
				"$(DERIVED_FILE_DIR)/Pods-TwiterTests-checkManifestLockResult.txt",
			);
			runOnlyForDeploymentPostprocessing = 0;
			shellPath = /bin/sh;
			shellScript = "diff \"${PODS_PODFILE_DIR_PATH}/Podfile.lock\" \"${PODS_ROOT}/Manifest.lock\" > /dev/null\nif [ $? != 0 ] ; then\n    # print error to STDERR\n    echo \"error: The sandbox is not in sync with the Podfile.lock. Run 'pod install' or update your CocoaPods installation.\" >&2\n    exit 1\nfi\n# This output is used by Xcode 'outputs' to avoid re-running this script phase.\necho \"SUCCESS\" > \"${SCRIPT_OUTPUT_FILE_0}\"\n";
			showEnvVarsInLog = 0;
		};
/* End PBXShellScriptBuildPhase section */

/* Begin PBXSourcesBuildPhase section */
		C3700DB925CC2A13001A1118 /* Sources */ = {
			isa = PBXSourcesBuildPhase;
			buildActionMask = 2147483647;
			files = (
				C3CAD5A725CC67AF00578C5F /* RegistreController.swift in Sources */,
				C3700E1025CC2FBF001A1118 /* NotificationController.swift in Sources */,
				C3CAD59925CC3FA000578C5F /* Extensions.swift in Sources */,
				C3700DC125CC2A13001A1118 /* AppDelegate.swift in Sources */,
				C3C3275625D6C52B002DCCBB /* User.swift in Sources */,
				C3700E1525CC300E001A1118 /* ExploreController.swift in Sources */,
				C3700DCB25CC2A13001A1118 /* Twiter.xcdatamodeld in Sources */,
				C3CAD5B525CC722600578C5F /* Utilities.swift in Sources */,
				C3700E0B25CC2F93001A1118 /* FeedController.swift in Sources */,
				C3700E0625CC2D88001A1118 /* MainTabController.swift in Sources */,
				C35C9C4E25D56CDD00B6CFA0 /* Constant.swift in Sources */,
				C3700E1A25CC303C001A1118 /* ConversationController.swift in Sources */,
				C3C3275125D6C0C3002DCCBB /* UserService.swift in Sources */,
				C3CAD59F25CC678A00578C5F /* LoginViewController.swift in Sources */,
				C3700DC325CC2A13001A1118 /* SceneDelegate.swift in Sources */,
				C35C9C5325D585A000B6CFA0 /* AuthService.swift in Sources */,
			);
			runOnlyForDeploymentPostprocessing = 0;
		};
		C3700DD225CC2A14001A1118 /* Sources */ = {
			isa = PBXSourcesBuildPhase;
			buildActionMask = 2147483647;
			files = (
				C3700DDB25CC2A14001A1118 /* TwiterTests.swift in Sources */,
			);
			runOnlyForDeploymentPostprocessing = 0;
		};
		C3700DDD25CC2A14001A1118 /* Sources */ = {
			isa = PBXSourcesBuildPhase;
			buildActionMask = 2147483647;
			files = (
				C3700DE625CC2A14001A1118 /* TwiterUITests.swift in Sources */,
			);
			runOnlyForDeploymentPostprocessing = 0;
		};
/* End PBXSourcesBuildPhase section */

/* Begin PBXTargetDependency section */
		C3700DD825CC2A14001A1118 /* PBXTargetDependency */ = {
			isa = PBXTargetDependency;
			target = C3700DBC25CC2A13001A1118 /* Twiter */;
			targetProxy = C3700DD725CC2A14001A1118 /* PBXContainerItemProxy */;
		};
		C3700DE325CC2A14001A1118 /* PBXTargetDependency */ = {
			isa = PBXTargetDependency;
			target = C3700DBC25CC2A13001A1118 /* Twiter */;
			targetProxy = C3700DE225CC2A14001A1118 /* PBXContainerItemProxy */;
		};
/* End PBXTargetDependency section */

/* Begin PBXVariantGroup section */
		C3700DCE25CC2A14001A1118 /* LaunchScreen.storyboard */ = {
			isa = PBXVariantGroup;
			children = (
				C3700DCF25CC2A14001A1118 /* Base */,
			);
			name = LaunchScreen.storyboard;
			sourceTree = "<group>";
		};
/* End PBXVariantGroup section */

/* Begin XCBuildConfiguration section */
		C3700DE825CC2A14001A1118 /* Debug */ = {
			isa = XCBuildConfiguration;
			buildSettings = {
				ALWAYS_SEARCH_USER_PATHS = NO;
				CLANG_ANALYZER_NONNULL = YES;
				CLANG_ANALYZER_NUMBER_OBJECT_CONVERSION = YES_AGGRESSIVE;
				CLANG_CXX_LANGUAGE_STANDARD = "gnu++14";
				CLANG_CXX_LIBRARY = "libc++";
				CLANG_ENABLE_MODULES = YES;
				CLANG_ENABLE_OBJC_ARC = YES;
				CLANG_ENABLE_OBJC_WEAK = YES;
				CLANG_WARN_BLOCK_CAPTURE_AUTORELEASING = YES;
				CLANG_WARN_BOOL_CONVERSION = YES;
				CLANG_WARN_COMMA = YES;
				CLANG_WARN_CONSTANT_CONVERSION = YES;
				CLANG_WARN_DEPRECATED_OBJC_IMPLEMENTATIONS = YES;
				CLANG_WARN_DIRECT_OBJC_ISA_USAGE = YES_ERROR;
				CLANG_WARN_DOCUMENTATION_COMMENTS = YES;
				CLANG_WARN_EMPTY_BODY = YES;
				CLANG_WARN_ENUM_CONVERSION = YES;
				CLANG_WARN_INFINITE_RECURSION = YES;
				CLANG_WARN_INT_CONVERSION = YES;
				CLANG_WARN_NON_LITERAL_NULL_CONVERSION = YES;
				CLANG_WARN_OBJC_IMPLICIT_RETAIN_SELF = YES;
				CLANG_WARN_OBJC_LITERAL_CONVERSION = YES;
				CLANG_WARN_OBJC_ROOT_CLASS = YES_ERROR;
				CLANG_WARN_QUOTED_INCLUDE_IN_FRAMEWORK_HEADER = YES;
				CLANG_WARN_RANGE_LOOP_ANALYSIS = YES;
				CLANG_WARN_STRICT_PROTOTYPES = YES;
				CLANG_WARN_SUSPICIOUS_MOVE = YES;
				CLANG_WARN_UNGUARDED_AVAILABILITY = YES_AGGRESSIVE;
				CLANG_WARN_UNREACHABLE_CODE = YES;
				CLANG_WARN__DUPLICATE_METHOD_MATCH = YES;
				COPY_PHASE_STRIP = NO;
				DEBUG_INFORMATION_FORMAT = dwarf;
				ENABLE_STRICT_OBJC_MSGSEND = YES;
				ENABLE_TESTABILITY = YES;
				GCC_C_LANGUAGE_STANDARD = gnu11;
				GCC_DYNAMIC_NO_PIC = NO;
				GCC_NO_COMMON_BLOCKS = YES;
				GCC_OPTIMIZATION_LEVEL = 0;
				GCC_PREPROCESSOR_DEFINITIONS = (
					"DEBUG=1",
					"$(inherited)",
				);
				GCC_WARN_64_TO_32_BIT_CONVERSION = YES;
				GCC_WARN_ABOUT_RETURN_TYPE = YES_ERROR;
				GCC_WARN_UNDECLARED_SELECTOR = YES;
				GCC_WARN_UNINITIALIZED_AUTOS = YES_AGGRESSIVE;
				GCC_WARN_UNUSED_FUNCTION = YES;
				GCC_WARN_UNUSED_VARIABLE = YES;
				IPHONEOS_DEPLOYMENT_TARGET = 14.2;
				MTL_ENABLE_DEBUG_INFO = INCLUDE_SOURCE;
				MTL_FAST_MATH = YES;
				ONLY_ACTIVE_ARCH = YES;
				SDKROOT = iphoneos;
				SWIFT_ACTIVE_COMPILATION_CONDITIONS = DEBUG;
				SWIFT_OPTIMIZATION_LEVEL = "-Onone";
			};
			name = Debug;
		};
		C3700DE925CC2A14001A1118 /* Release */ = {
			isa = XCBuildConfiguration;
			buildSettings = {
				ALWAYS_SEARCH_USER_PATHS = NO;
				CLANG_ANALYZER_NONNULL = YES;
				CLANG_ANALYZER_NUMBER_OBJECT_CONVERSION = YES_AGGRESSIVE;
				CLANG_CXX_LANGUAGE_STANDARD = "gnu++14";
				CLANG_CXX_LIBRARY = "libc++";
				CLANG_ENABLE_MODULES = YES;
				CLANG_ENABLE_OBJC_ARC = YES;
				CLANG_ENABLE_OBJC_WEAK = YES;
				CLANG_WARN_BLOCK_CAPTURE_AUTORELEASING = YES;
				CLANG_WARN_BOOL_CONVERSION = YES;
				CLANG_WARN_COMMA = YES;
				CLANG_WARN_CONSTANT_CONVERSION = YES;
				CLANG_WARN_DEPRECATED_OBJC_IMPLEMENTATIONS = YES;
				CLANG_WARN_DIRECT_OBJC_ISA_USAGE = YES_ERROR;
				CLANG_WARN_DOCUMENTATION_COMMENTS = YES;
				CLANG_WARN_EMPTY_BODY = YES;
				CLANG_WARN_ENUM_CONVERSION = YES;
				CLANG_WARN_INFINITE_RECURSION = YES;
				CLANG_WARN_INT_CONVERSION = YES;
				CLANG_WARN_NON_LITERAL_NULL_CONVERSION = YES;
				CLANG_WARN_OBJC_IMPLICIT_RETAIN_SELF = YES;
				CLANG_WARN_OBJC_LITERAL_CONVERSION = YES;
				CLANG_WARN_OBJC_ROOT_CLASS = YES_ERROR;
				CLANG_WARN_QUOTED_INCLUDE_IN_FRAMEWORK_HEADER = YES;
				CLANG_WARN_RANGE_LOOP_ANALYSIS = YES;
				CLANG_WARN_STRICT_PROTOTYPES = YES;
				CLANG_WARN_SUSPICIOUS_MOVE = YES;
				CLANG_WARN_UNGUARDED_AVAILABILITY = YES_AGGRESSIVE;
				CLANG_WARN_UNREACHABLE_CODE = YES;
				CLANG_WARN__DUPLICATE_METHOD_MATCH = YES;
				COPY_PHASE_STRIP = NO;
				DEBUG_INFORMATION_FORMAT = "dwarf-with-dsym";
				ENABLE_NS_ASSERTIONS = NO;
				ENABLE_STRICT_OBJC_MSGSEND = YES;
				GCC_C_LANGUAGE_STANDARD = gnu11;
				GCC_NO_COMMON_BLOCKS = YES;
				GCC_WARN_64_TO_32_BIT_CONVERSION = YES;
				GCC_WARN_ABOUT_RETURN_TYPE = YES_ERROR;
				GCC_WARN_UNDECLARED_SELECTOR = YES;
				GCC_WARN_UNINITIALIZED_AUTOS = YES_AGGRESSIVE;
				GCC_WARN_UNUSED_FUNCTION = YES;
				GCC_WARN_UNUSED_VARIABLE = YES;
				IPHONEOS_DEPLOYMENT_TARGET = 14.2;
				MTL_ENABLE_DEBUG_INFO = NO;
				MTL_FAST_MATH = YES;
				SDKROOT = iphoneos;
				SWIFT_COMPILATION_MODE = wholemodule;
				SWIFT_OPTIMIZATION_LEVEL = "-O";
				VALIDATE_PRODUCT = YES;
			};
			name = Release;
		};
		C3700DEB25CC2A14001A1118 /* Debug */ = {
			isa = XCBuildConfiguration;
			baseConfigurationReference = F9B108B036D14D4B3DEA900E /* Pods-Twiter.debug.xcconfig */;
			buildSettings = {
				ASSETCATALOG_COMPILER_APPICON_NAME = AppIcon;
				ASSETCATALOG_COMPILER_GLOBAL_ACCENT_COLOR_NAME = AccentColor;
				CODE_SIGN_STYLE = Automatic;
				DEVELOPMENT_TEAM = A6X4F2L4XF;
				INFOPLIST_FILE = Twiter/Info.plist;
				IPHONEOS_DEPLOYMENT_TARGET = 13.0;
				LD_RUNPATH_SEARCH_PATHS = (
					"$(inherited)",
					"@executable_path/Frameworks",
				);
				PRODUCT_BUNDLE_IDENTIFIER = com.aymenbraham.Twiter;
				PRODUCT_NAME = "$(TARGET_NAME)";
				SWIFT_VERSION = 5.0;
				TARGETED_DEVICE_FAMILY = "1,2";
			};
			name = Debug;
		};
		C3700DEC25CC2A14001A1118 /* Release */ = {
			isa = XCBuildConfiguration;
			baseConfigurationReference = D1C10072CC5B0F168BE4614B /* Pods-Twiter.release.xcconfig */;
			buildSettings = {
				ASSETCATALOG_COMPILER_APPICON_NAME = AppIcon;
				ASSETCATALOG_COMPILER_GLOBAL_ACCENT_COLOR_NAME = AccentColor;
				CODE_SIGN_STYLE = Automatic;
				DEVELOPMENT_TEAM = A6X4F2L4XF;
				INFOPLIST_FILE = Twiter/Info.plist;
				IPHONEOS_DEPLOYMENT_TARGET = 13.0;
				LD_RUNPATH_SEARCH_PATHS = (
					"$(inherited)",
					"@executable_path/Frameworks",
				);
				PRODUCT_BUNDLE_IDENTIFIER = com.aymenbraham.Twiter;
				PRODUCT_NAME = "$(TARGET_NAME)";
				SWIFT_VERSION = 5.0;
				TARGETED_DEVICE_FAMILY = "1,2";
			};
			name = Release;
		};
		C3700DEE25CC2A14001A1118 /* Debug */ = {
			isa = XCBuildConfiguration;
			baseConfigurationReference = 560395498072953F210D62F1 /* Pods-TwiterTests.debug.xcconfig */;
			buildSettings = {
				ALWAYS_EMBED_SWIFT_STANDARD_LIBRARIES = YES;
				BUNDLE_LOADER = "$(TEST_HOST)";
				CODE_SIGN_STYLE = Automatic;
				DEVELOPMENT_TEAM = A6X4F2L4XF;
				INFOPLIST_FILE = TwiterTests/Info.plist;
				IPHONEOS_DEPLOYMENT_TARGET = 14.2;
				LD_RUNPATH_SEARCH_PATHS = (
					"$(inherited)",
					"@executable_path/Frameworks",
					"@loader_path/Frameworks",
				);
				PRODUCT_BUNDLE_IDENTIFIER = com.aymenbraham.TwiterTests;
				PRODUCT_NAME = "$(TARGET_NAME)";
				SWIFT_VERSION = 5.0;
				TARGETED_DEVICE_FAMILY = "1,2";
				TEST_HOST = "$(BUILT_PRODUCTS_DIR)/Twiter.app/Twiter";
			};
			name = Debug;
		};
		C3700DEF25CC2A14001A1118 /* Release */ = {
			isa = XCBuildConfiguration;
			baseConfigurationReference = 95F7536C8FDC8DDE9332C3B6 /* Pods-TwiterTests.release.xcconfig */;
			buildSettings = {
				ALWAYS_EMBED_SWIFT_STANDARD_LIBRARIES = YES;
				BUNDLE_LOADER = "$(TEST_HOST)";
				CODE_SIGN_STYLE = Automatic;
				DEVELOPMENT_TEAM = A6X4F2L4XF;
				INFOPLIST_FILE = TwiterTests/Info.plist;
				IPHONEOS_DEPLOYMENT_TARGET = 14.2;
				LD_RUNPATH_SEARCH_PATHS = (
					"$(inherited)",
					"@executable_path/Frameworks",
					"@loader_path/Frameworks",
				);
				PRODUCT_BUNDLE_IDENTIFIER = com.aymenbraham.TwiterTests;
				PRODUCT_NAME = "$(TARGET_NAME)";
				SWIFT_VERSION = 5.0;
				TARGETED_DEVICE_FAMILY = "1,2";
				TEST_HOST = "$(BUILT_PRODUCTS_DIR)/Twiter.app/Twiter";
			};
			name = Release;
		};
		C3700DF125CC2A14001A1118 /* Debug */ = {
			isa = XCBuildConfiguration;
			baseConfigurationReference = EAE33323110DD889EE23A0BC /* Pods-Twiter-TwiterUITests.debug.xcconfig */;
			buildSettings = {
				ALWAYS_EMBED_SWIFT_STANDARD_LIBRARIES = YES;
				CODE_SIGN_STYLE = Automatic;
				DEVELOPMENT_TEAM = A6X4F2L4XF;
				INFOPLIST_FILE = TwiterUITests/Info.plist;
				LD_RUNPATH_SEARCH_PATHS = (
					"$(inherited)",
					"@executable_path/Frameworks",
					"@loader_path/Frameworks",
				);
				PRODUCT_BUNDLE_IDENTIFIER = com.aymenbraham.TwiterUITests;
				PRODUCT_NAME = "$(TARGET_NAME)";
				SWIFT_VERSION = 5.0;
				TARGETED_DEVICE_FAMILY = "1,2";
				TEST_TARGET_NAME = Twiter;
			};
			name = Debug;
		};
		C3700DF225CC2A14001A1118 /* Release */ = {
			isa = XCBuildConfiguration;
			baseConfigurationReference = 3FD1C424E1FCF6BA83C6993A /* Pods-Twiter-TwiterUITests.release.xcconfig */;
			buildSettings = {
				ALWAYS_EMBED_SWIFT_STANDARD_LIBRARIES = YES;
				CODE_SIGN_STYLE = Automatic;
				DEVELOPMENT_TEAM = A6X4F2L4XF;
				INFOPLIST_FILE = TwiterUITests/Info.plist;
				LD_RUNPATH_SEARCH_PATHS = (
					"$(inherited)",
					"@executable_path/Frameworks",
					"@loader_path/Frameworks",
				);
				PRODUCT_BUNDLE_IDENTIFIER = com.aymenbraham.TwiterUITests;
				PRODUCT_NAME = "$(TARGET_NAME)";
				SWIFT_VERSION = 5.0;
				TARGETED_DEVICE_FAMILY = "1,2";
				TEST_TARGET_NAME = Twiter;
			};
			name = Release;
		};
/* End XCBuildConfiguration section */

/* Begin XCConfigurationList section */
		C3700DB825CC2A13001A1118 /* Build configuration list for PBXProject "Twiter" */ = {
			isa = XCConfigurationList;
			buildConfigurations = (
				C3700DE825CC2A14001A1118 /* Debug */,
				C3700DE925CC2A14001A1118 /* Release */,
			);
			defaultConfigurationIsVisible = 0;
			defaultConfigurationName = Release;
		};
		C3700DEA25CC2A14001A1118 /* Build configuration list for PBXNativeTarget "Twiter" */ = {
			isa = XCConfigurationList;
			buildConfigurations = (
				C3700DEB25CC2A14001A1118 /* Debug */,
				C3700DEC25CC2A14001A1118 /* Release */,
			);
			defaultConfigurationIsVisible = 0;
			defaultConfigurationName = Release;
		};
		C3700DED25CC2A14001A1118 /* Build configuration list for PBXNativeTarget "TwiterTests" */ = {
			isa = XCConfigurationList;
			buildConfigurations = (
				C3700DEE25CC2A14001A1118 /* Debug */,
				C3700DEF25CC2A14001A1118 /* Release */,
			);
			defaultConfigurationIsVisible = 0;
			defaultConfigurationName = Release;
		};
		C3700DF025CC2A14001A1118 /* Build configuration list for PBXNativeTarget "TwiterUITests" */ = {
			isa = XCConfigurationList;
			buildConfigurations = (
				C3700DF125CC2A14001A1118 /* Debug */,
				C3700DF225CC2A14001A1118 /* Release */,
			);
			defaultConfigurationIsVisible = 0;
			defaultConfigurationName = Release;
		};
/* End XCConfigurationList section */

/* Begin XCVersionGroup section */
		C3700DC925CC2A13001A1118 /* Twiter.xcdatamodeld */ = {
			isa = XCVersionGroup;
			children = (
				C3700DCA25CC2A13001A1118 /* Twiter.xcdatamodel */,
			);
			currentVersion = C3700DCA25CC2A13001A1118 /* Twiter.xcdatamodel */;
			path = Twiter.xcdatamodeld;
			sourceTree = "<group>";
			versionGroupType = wrapper.xcdatamodel;
		};
/* End XCVersionGroup section */
	};
	rootObject = C3700DB525CC2A13001A1118 /* Project object */;
}
